
Microsoft Visual Studio Solution File, Format Version 12.00
# Visual Studio Version 17
VisualStudioVersion = 17.1.32319.34
MinimumVisualStudioVersion = 10.0.40219.1
Project("{FAE04EC0-301F-11D3-BF4B-00C04F79EFBC}") = "API", "API.csproj", "{C536B02A-0911-41FA-9006-A667787D5249}"
EndProject
Global
	GlobalSection(SolutionConfigurationPlatforms) = preSolution
		Debug|Any CPU = Debug|Any CPU
		Release|Any CPU = Release|Any CPU
	EndGlobalSection
	GlobalSection(ProjectConfigurationPlatforms) = postSolution
		{C536B02A-0911-41FA-9006-A667787D5249}.Debug|Any CPU.ActiveCfg = Debug|Any CPU
		{C536B02A-0911-41FA-9006-A667787D5249}.Debug|Any CPU.Build.0 = Debug|Any CPU
		{C536B02A-0911-41FA-9006-A667787D5249}.Release|Any CPU.ActiveCfg = Release|Any CPU
		{C536B02A-0911-41FA-9006-A667787D5249}.Release|Any CPU.Build.0 = Release|Any CPU
	EndGlobalSection
	GlobalSection(SolutionProperties) = preSolution
		HideSolutionNode = FALSE
	EndGlobalSection
	GlobalSection(ExtensibilityGlobals) = postSolution
		SolutionGuid = {1DD1EB43-0B3F-4DFE-B541-FF483E8E7F76}
	EndGlobalSection
EndGlobal
